
Microsoft Visual Studio Solution File, Format Version 12.00
# Visual Studio Version 17
VisualStudioVersion = 17.0.31903.59
MinimumVisualStudioVersion = 10.0.40219.1
Project("{FAE04EC0-301F-11D3-BF4B-00C04F79EFBC}") = "Task_1", "Task_1\Task_1.csproj", "{0A8ABB90-FC7A-4C9B-B3AE-95A6FDB73769}"
EndProject
Project("{FAE04EC0-301F-11D3-BF4B-00C04F79EFBC}") = "Task_2", "Task_2\Task_2.csproj", "{BE3A12D1-9C16-4AA6-AB58-EEB45ED070F1}"
EndProject
Project("{FAE04EC0-301F-11D3-BF4B-00C04F79EFBC}") = "Task_3", "Task_3\Task_3.csproj", "{CE290E8D-85F3-4ED7-95A3-300BC258EE62}"
EndProject
Project("{FAE04EC0-301F-11D3-BF4B-00C04F79EFBC}") = "Task_4", "Task_4\Task_4.csproj", "{AA7983C2-3FA7-45BC-AC2B-8D18DA9CAF9A}"
EndProject
Project("{FAE04EC0-301F-11D3-BF4B-00C04F79EFBC}") = "Task_5", "Task_5\Task_5.csproj", "{FC14FC1E-61B5-490E-86F3-85C4A70AFA4A}"
EndProject
Project("{FAE04EC0-301F-11D3-BF4B-00C04F79EFBC}") = "Task_6", "Task_6\Task_6.csproj", "{1F255441-9DBC-4BBE-8C85-490146F191E5}"
EndProject
Project("{FAE04EC0-301F-11D3-BF4B-00C04F79EFBC}") = "Task_7", "Task_7\Task_7.csproj", "{60AAD5E2-61D9-4F55-A7A5-FFE7AEFFAE21}"
EndProject
Project("{FAE04EC0-301F-11D3-BF4B-00C04F79EFBC}") = "Task_8", "Task_8\Task_8.csproj", "{1D8CA4ED-46BE-4590-8CC7-813F1D4BD849}"
EndProject
Project("{FAE04EC0-301F-11D3-BF4B-00C04F79EFBC}") = "Task_9", "Task_9\Task_9.csproj", "{9D5B9CEE-7780-4FB0-8FEF-7AC7F4A5E950}"
EndProject
Project("{FAE04EC0-301F-11D3-BF4B-00C04F79EFBC}") = "Task_10", "Task_10\Task_10.csproj", "{D97232E3-3257-4CB5-9E58-16D5D95B1425}"
EndProject
Project("{FAE04EC0-301F-11D3-BF4B-00C04F79EFBC}") = "Task_11", "Task_11\Task_11.csproj", "{21E9A60E-739B-4B6E-B090-9C7634226FC7}"
EndProject
Project("{FAE04EC0-301F-11D3-BF4B-00C04F79EFBC}") = "Task_13", "Task_13\Task_13.csproj", "{9B72FF9C-C7BD-469E-8040-3052A1DAE560}"
EndProject
Project("{FAE04EC0-301F-11D3-BF4B-00C04F79EFBC}") = "TasL_14", "Task_14\TasL_14.csproj", "{3D79122C-25AC-49FF-9611-36E5EDDF7B05}"
EndProject
Project("{FAE04EC0-301F-11D3-BF4B-00C04F79EFBC}") = "Task_15", "Task_15\Task_15.csproj", "{1988A443-F0D8-4020-AB07-38083FC16DCE}"
EndProject
Project("{FAE04EC0-301F-11D3-BF4B-00C04F79EFBC}") = "Task_17", "Task_17\Task_17.csproj", "{63022AF7-5530-4969-AAC0-1FBC7294A79B}"
EndProject
Global
	GlobalSection(SolutionConfigurationPlatforms) = preSolution
		Debug|Any CPU = Debug|Any CPU
		Release|Any CPU = Release|Any CPU
	EndGlobalSection
	GlobalSection(SolutionProperties) = preSolution
		HideSolutionNode = FALSE
	EndGlobalSection
	GlobalSection(ProjectConfigurationPlatforms) = postSolution
		{0A8ABB90-FC7A-4C9B-B3AE-95A6FDB73769}.Debug|Any CPU.ActiveCfg = Debug|Any CPU
		{0A8ABB90-FC7A-4C9B-B3AE-95A6FDB73769}.Debug|Any CPU.Build.0 = Debug|Any CPU
		{0A8ABB90-FC7A-4C9B-B3AE-95A6FDB73769}.Release|Any CPU.ActiveCfg = Release|Any CPU
		{0A8ABB90-FC7A-4C9B-B3AE-95A6FDB73769}.Release|Any CPU.Build.0 = Release|Any CPU
		{BE3A12D1-9C16-4AA6-AB58-EEB45ED070F1}.Debug|Any CPU.ActiveCfg = Debug|Any CPU
		{BE3A12D1-9C16-4AA6-AB58-EEB45ED070F1}.Debug|Any CPU.Build.0 = Debug|Any CPU
		{BE3A12D1-9C16-4AA6-AB58-EEB45ED070F1}.Release|Any CPU.ActiveCfg = Release|Any CPU
		{BE3A12D1-9C16-4AA6-AB58-EEB45ED070F1}.Release|Any CPU.Build.0 = Release|Any CPU
		{CE290E8D-85F3-4ED7-95A3-300BC258EE62}.Debug|Any CPU.ActiveCfg = Debug|Any CPU
		{CE290E8D-85F3-4ED7-95A3-300BC258EE62}.Debug|Any CPU.Build.0 = Debug|Any CPU
		{CE290E8D-85F3-4ED7-95A3-300BC258EE62}.Release|Any CPU.ActiveCfg = Release|Any CPU
		{CE290E8D-85F3-4ED7-95A3-300BC258EE62}.Release|Any CPU.Build.0 = Release|Any CPU
		{AA7983C2-3FA7-45BC-AC2B-8D18DA9CAF9A}.Debug|Any CPU.ActiveCfg = Debug|Any CPU
		{AA7983C2-3FA7-45BC-AC2B-8D18DA9CAF9A}.Debug|Any CPU.Build.0 = Debug|Any CPU
		{AA7983C2-3FA7-45BC-AC2B-8D18DA9CAF9A}.Release|Any CPU.ActiveCfg = Release|Any CPU
		{AA7983C2-3FA7-45BC-AC2B-8D18DA9CAF9A}.Release|Any CPU.Build.0 = Release|Any CPU
		{FC14FC1E-61B5-490E-86F3-85C4A70AFA4A}.Debug|Any CPU.ActiveCfg = Debug|Any CPU
		{FC14FC1E-61B5-490E-86F3-85C4A70AFA4A}.Debug|Any CPU.Build.0 = Debug|Any CPU
		{FC14FC1E-61B5-490E-86F3-85C4A70AFA4A}.Release|Any CPU.ActiveCfg = Release|Any CPU
		{FC14FC1E-61B5-490E-86F3-85C4A70AFA4A}.Release|Any CPU.Build.0 = Release|Any CPU
		{1F255441-9DBC-4BBE-8C85-490146F191E5}.Debug|Any CPU.ActiveCfg = Debug|Any CPU
		{1F255441-9DBC-4BBE-8C85-490146F191E5}.Debug|Any CPU.Build.0 = Debug|Any CPU
		{1F255441-9DBC-4BBE-8C85-490146F191E5}.Release|Any CPU.ActiveCfg = Release|Any CPU
		{1F255441-9DBC-4BBE-8C85-490146F191E5}.Release|Any CPU.Build.0 = Release|Any CPU
		{60AAD5E2-61D9-4F55-A7A5-FFE7AEFFAE21}.Debug|Any CPU.ActiveCfg = Debug|Any CPU
		{60AAD5E2-61D9-4F55-A7A5-FFE7AEFFAE21}.Debug|Any CPU.Build.0 = Debug|Any CPU
		{60AAD5E2-61D9-4F55-A7A5-FFE7AEFFAE21}.Release|Any CPU.ActiveCfg = Release|Any CPU
		{60AAD5E2-61D9-4F55-A7A5-FFE7AEFFAE21}.Release|Any CPU.Build.0 = Release|Any CPU
		{1D8CA4ED-46BE-4590-8CC7-813F1D4BD849}.Debug|Any CPU.ActiveCfg = Debug|Any CPU
		{1D8CA4ED-46BE-4590-8CC7-813F1D4BD849}.Debug|Any CPU.Build.0 = Debug|Any CPU
		{1D8CA4ED-46BE-4590-8CC7-813F1D4BD849}.Release|Any CPU.ActiveCfg = Release|Any CPU
		{1D8CA4ED-46BE-4590-8CC7-813F1D4BD849}.Release|Any CPU.Build.0 = Release|Any CPU
		{9D5B9CEE-7780-4FB0-8FEF-7AC7F4A5E950}.Debug|Any CPU.ActiveCfg = Debug|Any CPU
		{9D5B9CEE-7780-4FB0-8FEF-7AC7F4A5E950}.Debug|Any CPU.Build.0 = Debug|Any CPU
		{9D5B9CEE-7780-4FB0-8FEF-7AC7F4A5E950}.Release|Any CPU.ActiveCfg = Release|Any CPU
		{9D5B9CEE-7780-4FB0-8FEF-7AC7F4A5E950}.Release|Any CPU.Build.0 = Release|Any CPU
		{D97232E3-3257-4CB5-9E58-16D5D95B1425}.Debug|Any CPU.ActiveCfg = Debug|Any CPU
		{D97232E3-3257-4CB5-9E58-16D5D95B1425}.Debug|Any CPU.Build.0 = Debug|Any CPU
		{D97232E3-3257-4CB5-9E58-16D5D95B1425}.Release|Any CPU.ActiveCfg = Release|Any CPU
		{D97232E3-3257-4CB5-9E58-16D5D95B1425}.Release|Any CPU.Build.0 = Release|Any CPU
		{21E9A60E-739B-4B6E-B090-9C7634226FC7}.Debug|Any CPU.ActiveCfg = Debug|Any CPU
		{21E9A60E-739B-4B6E-B090-9C7634226FC7}.Debug|Any CPU.Build.0 = Debug|Any CPU
		{21E9A60E-739B-4B6E-B090-9C7634226FC7}.Release|Any CPU.ActiveCfg = Release|Any CPU
		{21E9A60E-739B-4B6E-B090-9C7634226FC7}.Release|Any CPU.Build.0 = Release|Any CPU
		{9B72FF9C-C7BD-469E-8040-3052A1DAE560}.Debug|Any CPU.ActiveCfg = Debug|Any CPU
		{9B72FF9C-C7BD-469E-8040-3052A1DAE560}.Debug|Any CPU.Build.0 = Debug|Any CPU
		{9B72FF9C-C7BD-469E-8040-3052A1DAE560}.Release|Any CPU.ActiveCfg = Release|Any CPU
		{9B72FF9C-C7BD-469E-8040-3052A1DAE560}.Release|Any CPU.Build.0 = Release|Any CPU
		{3D79122C-25AC-49FF-9611-36E5EDDF7B05}.Debug|Any CPU.ActiveCfg = Debug|Any CPU
		{3D79122C-25AC-49FF-9611-36E5EDDF7B05}.Debug|Any CPU.Build.0 = Debug|Any CPU
		{3D79122C-25AC-49FF-9611-36E5EDDF7B05}.Release|Any CPU.ActiveCfg = Release|Any CPU
		{3D79122C-25AC-49FF-9611-36E5EDDF7B05}.Release|Any CPU.Build.0 = Release|Any CPU
		{1988A443-F0D8-4020-AB07-38083FC16DCE}.Debug|Any CPU.ActiveCfg = Debug|Any CPU
		{1988A443-F0D8-4020-AB07-38083FC16DCE}.Debug|Any CPU.Build.0 = Debug|Any CPU
		{1988A443-F0D8-4020-AB07-38083FC16DCE}.Release|Any CPU.ActiveCfg = Release|Any CPU
		{1988A443-F0D8-4020-AB07-38083FC16DCE}.Release|Any CPU.Build.0 = Release|Any CPU
		{63022AF7-5530-4969-AAC0-1FBC7294A79B}.Debug|Any CPU.ActiveCfg = Debug|Any CPU
		{63022AF7-5530-4969-AAC0-1FBC7294A79B}.Debug|Any CPU.Build.0 = Debug|Any CPU
		{63022AF7-5530-4969-AAC0-1FBC7294A79B}.Release|Any CPU.ActiveCfg = Release|Any CPU
		{63022AF7-5530-4969-AAC0-1FBC7294A79B}.Release|Any CPU.Build.0 = Release|Any CPU
	EndGlobalSection
EndGlobal
